
Microsoft Visual Studio Solution File, Format Version 12.00
# Visual Studio Version 17
VisualStudioVersion = 17.13.35828.75 d17.13
MinimumVisualStudioVersion = 10.0.40219.1
Project("{FAE04EC0-301F-11D3-BF4B-00C04F79EFBC}") = "dinopro", "dinopro\dinopro.csproj", "{CDE309E3-1100-4411-B2C4-D6557030FA23}"
EndProject
Global
	GlobalSection(SolutionConfigurationPlatforms) = preSolution
		Debug|Any CPU = Debug|Any CPU
		Release|Any CPU = Release|Any CPU
	EndGlobalSection
	GlobalSection(ProjectConfigurationPlatforms) = postSolution
		{CDE309E3-1100-4411-B2C4-D6557030FA23}.Debug|Any CPU.ActiveCfg = Debug|Any CPU
		{CDE309E3-1100-4411-B2C4-D6557030FA23}.Debug|Any CPU.Build.0 = Debug|Any CPU
		{CDE309E3-1100-4411-B2C4-D6557030FA23}.Release|Any CPU.ActiveCfg = Release|Any CPU
		{CDE309E3-1100-4411-B2C4-D6557030FA23}.Release|Any CPU.Build.0 = Release|Any CPU
	EndGlobalSection
	GlobalSection(SolutionProperties) = preSolution
		HideSolutionNode = FALSE
	EndGlobalSection
	GlobalSection(ExtensibilityGlobals) = postSolution
		SolutionGuid = {DC60F3EE-89A8-4F37-94A5-5DE026084FE8}
	EndGlobalSection
EndGlobal
